lockfileVersion: '9.0'

settings:
  autoInstallPeers: true
  excludeLinksFromLockfile: false

importers:

  .:
    dependencies:
      '@biomejs/biome':
        specifier: ^1.8.3
        version: 1.8.3
      '@inquirer/prompts':
        specifier: ^5.3.8
        version: 5.3.8
      consola:
        specifier: ^3.2.3
        version: 3.2.3
      nypm:
        specifier: ^0.3.9
        version: 0.3.9
      octokit:
        specifier: ^4.0.2
        version: 4.0.2

packages:

  '@biomejs/biome@1.8.3':
    resolution: {integrity: sha512-/uUV3MV+vyAczO+vKrPdOW0Iaet7UnJMU4bNMinggGJTAnBPjCoLEYcyYtYHNnUNYlv4xZMH6hVIQCAozq8d5w==}
    engines: {node: '>=14.21.3'}
    hasBin: true

  '@biomejs/cli-darwin-arm64@1.8.3':
    resolution: {integrity: sha512-9DYOjclFpKrH/m1Oz75SSExR8VKvNSSsLnVIqdnKexj6NwmiMlKk94Wa1kZEdv6MCOHGHgyyoV57Cw8WzL5n3A==}
    engines: {node: '>=14.21.3'}
    cpu: [arm64]
    os: [darwin]

  '@biomejs/cli-darwin-x64@1.8.3':
    resolution: {integrity: sha512-UeW44L/AtbmOF7KXLCoM+9PSgPo0IDcyEUfIoOXYeANaNXXf9mLUwV1GeF2OWjyic5zj6CnAJ9uzk2LT3v/wAw==}
    engines: {node: '>=14.21.3'}
    cpu: [x64]
    os: [darwin]

  '@biomejs/cli-linux-arm64-musl@1.8.3':
    resolution: {integrity: sha512-9yjUfOFN7wrYsXt/T/gEWfvVxKlnh3yBpnScw98IF+oOeCYb5/b/+K7YNqKROV2i1DlMjg9g/EcN9wvj+NkMuQ==}
    engines: {node: '>=14.21.3'}
    cpu: [arm64]
    os: [linux]

  '@biomejs/cli-linux-arm64@1.8.3':
    resolution: {integrity: sha512-fed2ji8s+I/m8upWpTJGanqiJ0rnlHOK3DdxsyVLZQ8ClY6qLuPc9uehCREBifRJLl/iJyQpHIRufLDeotsPtw==}
    engines: {node: '>=14.21.3'}
    cpu: [arm64]
    os: [linux]

  '@biomejs/cli-linux-x64-musl@1.8.3':
    resolution: {integrity: sha512-UHrGJX7PrKMKzPGoEsooKC9jXJMa28TUSMjcIlbDnIO4EAavCoVmNQaIuUSH0Ls2mpGMwUIf+aZJv657zfWWjA==}
    engines: {node: '>=14.21.3'}
    cpu: [x64]
    os: [linux]

  '@biomejs/cli-linux-x64@1.8.3':
    resolution: {integrity: sha512-I8G2QmuE1teISyT8ie1HXsjFRz9L1m5n83U1O6m30Kw+kPMPSKjag6QGUn+sXT8V+XWIZxFFBoTDEDZW2KPDDw==}
    engines: {node: '>=14.21.3'}
    cpu: [x64]
    os: [linux]

  '@biomejs/cli-win32-arm64@1.8.3':
    resolution: {integrity: sha512-J+Hu9WvrBevfy06eU1Na0lpc7uR9tibm9maHynLIoAjLZpQU3IW+OKHUtyL8p6/3pT2Ju5t5emReeIS2SAxhkQ==}
    engines: {node: '>=14.21.3'}
    cpu: [arm64]
    os: [win32]

  '@biomejs/cli-win32-x64@1.8.3':
    resolution: {integrity: sha512-/PJ59vA1pnQeKahemaQf4Nyj7IKUvGQSc3Ze1uIGi+Wvr1xF7rGobSrAAG01T/gUDG21vkDsZYM03NAmPiVkqg==}
    engines: {node: '>=14.21.3'}
    cpu: [x64]
    os: [win32]

  '@inquirer/checkbox@2.4.7':
    resolution: {integrity: sha512-5YwCySyV1UEgqzz34gNsC38eKxRBtlRDpJLlKcRtTjlYA/yDKuc1rfw+hjw+2WJxbAZtaDPsRl5Zk7J14SBoBw==}
    engines: {node: '>=18'}

  '@inquirer/confirm@3.1.22':
    resolution: {integrity: sha512-gsAKIOWBm2Q87CDfs9fEo7wJT3fwWIJfnDGMn9Qy74gBnNFOACDNfhUzovubbJjWnKLGBln7/NcSmZwj5DuEXg==}
    engines: {node: '>=18'}

  '@inquirer/core@9.0.10':
    resolution: {integrity: sha512-TdESOKSVwf6+YWDz8GhS6nKscwzkIyakEzCLJ5Vh6O3Co2ClhCJ0A4MG909MUWfaWdpJm7DE45ii51/2Kat9tA==}
    engines: {node: '>=18'}

  '@inquirer/editor@2.1.22':
    resolution: {integrity: sha512-K1QwTu7GCK+nKOVRBp5HY9jt3DXOfPGPr6WRDrPImkcJRelG9UTx2cAtK1liXmibRrzJlTWOwqgWT3k2XnS62w==}
    engines: {node: '>=18'}

  '@inquirer/expand@2.1.22':
    resolution: {integrity: sha512-wTZOBkzH+ItPuZ3ZPa9lynBsdMp6kQ9zbjVPYEtSBG7UulGjg2kQiAnUjgyG4SlntpTce5bOmXAPvE4sguXjpA==}
    engines: {node: '>=18'}

  '@inquirer/figures@1.0.5':
    resolution: {integrity: sha512-79hP/VWdZ2UVc9bFGJnoQ/lQMpL74mGgzSYX1xUqCVk7/v73vJCMw1VuyWN1jGkZ9B3z7THAbySqGbCNefcjfA==}
    engines: {node: '>=18'}

  '@inquirer/input@2.2.9':
    resolution: {integrity: sha512-7Z6N+uzkWM7+xsE+3rJdhdG/+mQgejOVqspoW+w0AbSZnL6nq5tGMEVASaYVWbkoSzecABWwmludO2evU3d31g==}
    engines: {node: '>=18'}

  '@inquirer/number@1.0.10':
    resolution: {integrity: sha512-kWTxRF8zHjQOn2TJs+XttLioBih6bdc5CcosXIzZsrTY383PXI35DuhIllZKu7CdXFi2rz2BWPN9l0dPsvrQOA==}
    engines: {node: '>=18'}

  '@inquirer/password@2.1.22':
    resolution: {integrity: sha512-5Fxt1L9vh3rAKqjYwqsjU4DZsEvY/2Gll+QkqR4yEpy6wvzLxdSgFhUcxfDAOtO4BEoTreWoznC0phagwLU5Kw==}
    engines: {node: '>=18'}

  '@inquirer/prompts@5.3.8':
    resolution: {integrity: sha512-b2BudQY/Si4Y2a0PdZZL6BeJtl8llgeZa7U2j47aaJSCeAl1e4UI7y8a9bSkO3o/ZbZrgT5muy/34JbsjfIWxA==}
    engines: {node: '>=18'}

  '@inquirer/rawlist@2.2.4':
    resolution: {integrity: sha512-pb6w9pWrm7EfnYDgQObOurh2d2YH07+eDo3xQBsNAM2GRhliz6wFXGi1thKQ4bN6B0xDd6C3tBsjdr3obsCl3Q==}
    engines: {node: '>=18'}

  '@inquirer/search@1.0.7':
    resolution: {integrity: sha512-p1wpV+3gd1eST/o5N3yQpYEdFNCzSP0Klrl+5bfD3cTTz8BGG6nf4Z07aBW0xjlKIj1Rp0y3x/X4cZYi6TfcLw==}
    engines: {node: '>=18'}

  '@inquirer/select@2.4.7':
    resolution: {integrity: sha512-JH7XqPEkBpNWp3gPCqWqY8ECbyMoFcCZANlL6pV9hf59qK6dGmkOlx1ydyhY+KZ0c5X74+W6Mtp+nm2QX0/MAQ==}
    engines: {node: '>=18'}

  '@inquirer/type@1.5.2':
    resolution: {integrity: sha512-w9qFkumYDCNyDZmNQjf/n6qQuvQ4dMC3BJesY4oF+yr0CxR5vxujflAVeIcS6U336uzi9GM0kAfZlLrZ9UTkpA==}
    engines: {node: '>=18'}

  '@octokit/app@15.1.0':
    resolution: {integrity: sha512-TkBr7QgOmE6ORxvIAhDbZsqPkF7RSqTY4pLTtUQCvr6dTXqvi2fFo46q3h1lxlk/sGMQjqyZ0kEahkD/NyzOHg==}
    engines: {node: '>= 18'}

  '@octokit/auth-app@7.1.0':
    resolution: {integrity: sha512-cazGaJPSgeZ8NkVYeM/C5l/6IQ5vZnsI8p1aMucadCkt/bndI+q+VqwrlnWbASRmenjOkf1t1RpCKrif53U8gw==}
    engines: {node: '>= 18'}

  '@octokit/auth-oauth-app@8.1.1':
    resolution: {integrity: sha512-5UtmxXAvU2wfcHIPPDWzVSAWXVJzG3NWsxb7zCFplCWEmMCArSZV0UQu5jw5goLQXbFyOr5onzEH37UJB3zQQg==}
    engines: {node: '>= 18'}

  '@octokit/auth-oauth-device@7.1.1':
    resolution: {integrity: sha512-HWl8lYueHonuyjrKKIup/1tiy0xcmQCdq5ikvMO1YwkNNkxb6DXfrPjrMYItNLyCP/o2H87WuijuE+SlBTT8eg==}
    engines: {node: '>= 18'}

  '@octokit/auth-oauth-user@5.1.1':
    resolution: {integrity: sha512-rRkMz0ErOppdvEfnemHJXgZ9vTPhBuC6yASeFaB7I2yLMd7QpjfrL1mnvRPlyKo+M6eeLxrKanXJ9Qte29SRsw==}
    engines: {node: '>= 18'}

  '@octokit/auth-token@5.1.1':
    resolution: {integrity: sha512-rh3G3wDO8J9wSjfI436JUKzHIxq8NaiL0tVeB2aXmG6p/9859aUOAjA9pmSPNGGZxfwmaJ9ozOJImuNVJdpvbA==}
    engines: {node: '>= 18'}

  '@octokit/auth-unauthenticated@6.1.0':
    resolution: {integrity: sha512-zPSmfrUAcspZH/lOFQnVnvjQZsIvmfApQH6GzJrkIunDooU1Su2qt2FfMTSVPRp7WLTQyC20Kd55lF+mIYaohQ==}
    engines: {node: '>= 18'}

  '@octokit/core@6.1.2':
    resolution: {integrity: sha512-hEb7Ma4cGJGEUNOAVmyfdB/3WirWMg5hDuNFVejGEDFqupeOysLc2sG6HJxY2etBp5YQu5Wtxwi020jS9xlUwg==}
    engines: {node: '>= 18'}

  '@octokit/endpoint@10.1.1':
    resolution: {integrity: sha512-JYjh5rMOwXMJyUpj028cu0Gbp7qe/ihxfJMLc8VZBMMqSwLgOxDI1911gV4Enl1QSavAQNJcwmwBF9M0VvLh6Q==}
    engines: {node: '>= 18'}

  '@octokit/graphql@8.1.1':
    resolution: {integrity: sha512-ukiRmuHTi6ebQx/HFRCXKbDlOh/7xEV6QUXaE7MJEKGNAncGI/STSbOkl12qVXZrfZdpXctx5O9X1AIaebiDBg==}
    engines: {node: '>= 18'}

  '@octokit/oauth-app@7.1.3':
    resolution: {integrity: sha512-EHXbOpBkSGVVGF1W+NLMmsnSsJRkcrnVmDKt0TQYRBb6xWfWzoi9sBD4DIqZ8jGhOWO/V8t4fqFyJ4vDQDn9bg==}
    engines: {node: '>= 18'}

  '@octokit/oauth-authorization-url@7.1.1':
    resolution: {integrity: sha512-ooXV8GBSabSWyhLUowlMIVd9l1s2nsOGQdlP2SQ4LnkEsGXzeCvbSbCPdZThXhEFzleGPwbapT0Sb+YhXRyjCA==}
    engines: {node: '>= 18'}

  '@octokit/oauth-methods@5.1.2':
    resolution: {integrity: sha512-C5lglRD+sBlbrhCUTxgJAFjWgJlmTx5bQ7Ch0+2uqRjYv7Cfb5xpX4WuSC9UgQna3sqRGBL9EImX9PvTpMaQ7g==}
    engines: {node: '>= 18'}

  '@octokit/openapi-types@22.2.0':
    resolution: {integrity: sha512-QBhVjcUa9W7Wwhm6DBFu6ZZ+1/t/oYxqc2tp81Pi41YNuJinbFRx8B133qVOrAaBbF7D/m0Et6f9/pZt9Rc+tg==}

  '@octokit/openapi-webhooks-types@8.3.0':
    resolution: {integrity: sha512-vKLsoR4xQxg4Z+6rU/F65ItTUz/EXbD+j/d4mlq2GW8TsA4Tc8Kdma2JTAAJ5hrKWUQzkR/Esn2fjsqiVRYaQg==}

  '@octokit/plugin-paginate-graphql@5.2.2':
    resolution: {integrity: sha512-7znSVvlNAOJisCqAnjN1FtEziweOHSjPGAuc5W58NeGNAr/ZB57yCsjQbXDlWsVryA7hHQaEQPcBbJYFawlkyg==}
    engines: {node: '>= 18'}
    peerDependencies:
      '@octokit/core': '>=6'

  '@octokit/plugin-paginate-rest@11.3.3':
    resolution: {integrity: sha512-o4WRoOJZlKqEEgj+i9CpcmnByvtzoUYC6I8PD2SA95M+BJ2x8h7oLcVOg9qcowWXBOdcTRsMZiwvM3EyLm9AfA==}
    engines: {node: '>= 18'}
    peerDependencies:
      '@octokit/core': '>=6'

  '@octokit/plugin-rest-endpoint-methods@13.2.4':
    resolution: {integrity: sha512-gusyAVgTrPiuXOdfqOySMDztQHv6928PQ3E4dqVGEtOvRXAKRbJR4b1zQyniIT9waqaWk/UDaoJ2dyPr7Bk7Iw==}
    engines: {node: '>= 18'}
    peerDependencies:
      '@octokit/core': '>=6'

  '@octokit/plugin-retry@7.1.1':
    resolution: {integrity: sha512-G9Ue+x2odcb8E1XIPhaFBnTTIrrUDfXN05iFXiqhR+SeeeDMMILcAnysOsxUpEWcQp2e5Ft397FCXTcPkiPkLw==}
    engines: {node: '>= 18'}
    peerDependencies:
      '@octokit/core': '>=6'

  '@octokit/plugin-throttling@9.3.1':
    resolution: {integrity: sha512-Qd91H4liUBhwLB2h6jZ99bsxoQdhgPk6TdwnClPyTBSDAdviGPceViEgUwj+pcQDmB/rfAXAXK7MTochpHM3yQ==}
    engines: {node: '>= 18'}
    peerDependencies:
      '@octokit/core': ^6.0.0

  '@octokit/request-error@6.1.4':
    resolution: {integrity: sha512-VpAhIUxwhWZQImo/dWAN/NpPqqojR6PSLgLYAituLM6U+ddx9hCioFGwBr5Mi+oi5CLeJkcAs3gJ0PYYzU6wUg==}
    engines: {node: '>= 18'}

  '@octokit/request@9.1.3':
    resolution: {integrity: sha512-V+TFhu5fdF3K58rs1pGUJIDH5RZLbZm5BI+MNF+6o/ssFNT4vWlCh/tVpF3NxGtP15HUxTTMUbsG5llAuU2CZA==}
    engines: {node: '>= 18'}

  '@octokit/types@13.5.0':
    resolution: {integrity: sha512-HdqWTf5Z3qwDVlzCrP8UJquMwunpDiMPt5er+QjGzL4hqr/vBVY/MauQgS1xWxCDT1oMx1EULyqxncdCY/NVSQ==}

  '@octokit/webhooks-methods@5.1.0':
    resolution: {integrity: sha512-yFZa3UH11VIxYnnoOYCVoJ3q4ChuSOk2IVBBQ0O3xtKX4x9bmKb/1t+Mxixv2iUhzMdOl1qeWJqEhouXXzB3rQ==}
    engines: {node: '>= 18'}

  '@octokit/webhooks@13.3.0':
    resolution: {integrity: sha512-TUkJLtI163Bz5+JK0O+zDkQpn4gKwN+BovclUvCj6pI/6RXrFqQvUMRS2M+Rt8Rv0qR3wjoMoOPmpJKeOh0nBg==}
    engines: {node: '>= 18'}

  '@types/aws-lambda@8.10.142':
    resolution: {integrity: sha512-wy2y/2hQKrS6myOS++koXg3N1Hg+LLyPjaggCFajczSHZPqBnOMuT2sdH3kiASrmdBYyM3pmjyz5SoWraRllCQ==}

  '@types/mute-stream@0.0.4':
    resolution: {integrity: sha512-CPM9nzrCPPJHQNA9keH9CVkVI+WR5kMa+7XEs5jcGQ0VoAGnLv242w8lIVgwAEfmE4oufJRaTc9PNLQl0ioAow==}

  '@types/node@22.1.0':
    resolution: {integrity: sha512-AOmuRF0R2/5j1knA3c6G3HOk523Ga+l+ZXltX8SF1+5oqcXijjfTd8fY3XRZqSihEu9XhtQnKYLmkFaoxgsJHw==}

  '@types/wrap-ansi@3.0.0':
    resolution: {integrity: sha512-ltIpx+kM7g/MLRZfkbL7EsCEjfzCcScLpkg37eXEtx5kmrAKBkTJwd1GIAjDSL8wTpM6Hzn5YO4pSb91BEwu1g==}

  acorn@8.12.1:
    resolution: {integrity: sha512-tcpGyI9zbizT9JbV6oYE477V6mTlXvvi0T0G3SNIYE2apm/G5huBa1+K89VGeovbg+jycCrfhl3ADxErOuO6Jg==}
    engines: {node: '>=0.4.0'}
    hasBin: true

  ansi-escapes@4.3.2:
    resolution: {integrity: sha512-gKXj5ALrKWQLsYG9jlTRmR/xKluxHV+Z9QEwNIgCfM1/uwPMCuzVVnh5mwTd+OuBZcwSIMbqssNWRm1lE51QaQ==}
    engines: {node: '>=8'}

  ansi-regex@5.0.1:
    resolution: {integrity: sha512-quJQXlTSUGL2LH9SUXo8VwsY4soanhgo6LNSm84E1LBcE8s3O0wpdiRzyR9z/ZZJMlMWv37qOOb9pdJlMUEKFQ==}
    engines: {node: '>=8'}

  ansi-styles@4.3.0:
    resolution: {integrity: sha512-zbB9rCJAT1rbjiVDb2hqKFHNYLxgtk8NURxZ3IZwD3F6NtxbXZQCnnSi1Lkx+IDohdPlFp222wVALIheZJQSEg==}
    engines: {node: '>=8'}

  before-after-hook@3.0.2:
    resolution: {integrity: sha512-Nik3Sc0ncrMK4UUdXQmAnRtzmNQTAAXmXIopizwZ1W1t8QmfJj+zL4OA2I7XPTPW5z5TDqv4hRo/JzouDJnX3A==}

  bottleneck@2.19.5:
    resolution: {integrity: sha512-VHiNCbI1lKdl44tGrhNfU3lup0Tj/ZBMJB5/2ZbNXRCPuRCO7ed2mgcK4r17y+KB2EfuYuRaVlwNbAeaWGSpbw==}

  chardet@0.7.0:
    resolution: {integrity: sha512-mT8iDcrh03qDGRRmoA2hmBJnxpllMR+0/0qlzjqZES6NdiWDcZkCNAk4rPFZ9Q85r27unkiNNg8ZOiwZXBHwcA==}

  citty@0.1.6:
    resolution: {integrity: sha512-tskPPKEs8D2KPafUypv2gxwJP8h/OaJmC82QQGGDQcHvXX43xF2VDACcJVmZ0EuSxkpO9Kc4MlrA3q0+FG58AQ==}

  cli-spinners@2.9.2:
    resolution: {integrity: sha512-ywqV+5MmyL4E7ybXgKys4DugZbX0FC6LnwrhjuykIjnK9k8OQacQ7axGKnjDXWNhns0xot3bZI5h55H8yo9cJg==}
    engines: {node: '>=6'}

  cli-width@4.1.0:
    resolution: {integrity: sha512-ouuZd4/dm2Sw5Gmqy6bGyNNNe1qt9RpmxveLSO7KcgsTnU7RXfsw+/bukWGo1abgBiMAic068rclZsO4IWmmxQ==}
    engines: {node: '>= 12'}

  color-convert@2.0.1:
    resolution: {integrity: sha512-RRECPsj7iu/xb5oKYcsFHSppFNnsj/52OVTRKb4zP5onXwVF3zVmmToNcOfGC+CRDpfK/U584fMg38ZHCaElKQ==}
    engines: {node: '>=7.0.0'}

  color-name@1.1.4:
    resolution: {integrity: sha512-dOy+3AuW3a2wNbZHIuMZpTcgjGuLU/uBL/ubcZF9OXbDo8ff4O8yVp5Bf0efS8uEoYo5q4Fx7dY9OgQGXgAsQA==}

  confbox@0.1.7:
    resolution: {integrity: sha512-uJcB/FKZtBMCJpK8MQji6bJHgu1tixKPxRLeGkNzBoOZzpnZUJm0jm2/sBDWcuBx1dYgxV4JU+g5hmNxCyAmdA==}

  consola@3.2.3:
    resolution: {integrity: sha512-I5qxpzLv+sJhTVEoLYNcTW+bThDCPsit0vLNKShZx6rLtpilNpmmeTPaeqJb9ZE9dV3DGaeby6Vuhrw38WjeyQ==}
    engines: {node: ^14.18.0 || >=16.10.0}

  cross-spawn@7.0.3:
    resolution: {integrity: sha512-iRDPJKUPVEND7dHPO8rkbOnPpyDygcDFtWjpeWNCgy8WP2rXcxXL8TskReQl6OrB2G7+UJrags1q15Fudc7G6w==}
    engines: {node: '>= 8'}

  emoji-regex@8.0.0:
    resolution: {integrity: sha512-MSjYzcWNOA0ewAHpz0MxpYFvwg6yjy1NG3xteoqz644VCo/RPgnr1/GGt+ic3iJTzQ8Eu3TdM14SawnVUmGE6A==}

  execa@8.0.1:
    resolution: {integrity: sha512-VyhnebXciFV2DESc+p6B+y0LjSm0krU4OgJN44qFAhBY0TJ+1V61tYD2+wHusZ6F9n5K+vl8k0sTy7PEfV4qpg==}
    engines: {node: '>=16.17'}

  external-editor@3.1.0:
    resolution: {integrity: sha512-hMQ4CX1p1izmuLYyZqLMO/qGNw10wSv9QDCPfzXfyFrOaCSSoRfqE1Kf1s5an66J5JZC62NewG+mK49jOCtQew==}
    engines: {node: '>=4'}

  get-stream@8.0.1:
    resolution: {integrity: sha512-VaUJspBffn/LMCJVoMvSAdmscJyS1auj5Zulnn5UoYcY531UWmdwhRWkcGKnGU93m5HSXP9LP2usOryrBtQowA==}
    engines: {node: '>=16'}

  human-signals@5.0.0:
    resolution: {integrity: sha512-AXcZb6vzzrFAUE61HnN4mpLqd/cSIwNQjtNWR0euPm6y0iqx3G4gOXaIDdtdDwZmhwe82LA6+zinmW4UBWVePQ==}
    engines: {node: '>=16.17.0'}

  iconv-lite@0.4.24:
    resolution: {integrity: sha512-v3MXnZAcvnywkTUEZomIActle7RXXeedOR31wwl7VlyoXO4Qi9arvSenNQWne1TcRwhCL1HwLI21bEqdpj8/rA==}
    engines: {node: '>=0.10.0'}

  is-fullwidth-code-point@3.0.0:
    resolution: {integrity: sha512-zymm5+u+sCsSWyD9qNaejV3DFvhCKclKdizYaJUuHA83RLjb7nSuGnddCHGv0hk+KY7BMAlsWeK4Ueg6EV6XQg==}
    engines: {node: '>=8'}

  is-stream@3.0.0:
    resolution: {integrity: sha512-LnQR4bZ9IADDRSkvpqMGvt/tEJWclzklNgSw48V5EAaAeDd6qGvN8ei6k5p0tvxSR171VmGyHuTiAOfxAbr8kA==}
    engines: {node: ^12.20.0 || ^14.13.1 || >=16.0.0}

  isexe@2.0.0:
    resolution: {integrity: sha512-RHxMLp9lnKHGHRng9QFhRCMbYAcVpn69smSGcq3f36xjgVVWThj4qqLbTLlq7Ssj8B+fIQ1EuCEGI2lKsyQeIw==}

  lru-cache@10.4.3:
    resolution: {integrity: sha512-JNAzZcXrCt42VGLuYz0zfAzDfAvJWW6AfYlDBQyDV5DClI2m5sAmK+OIO7s59XfsRsWHp02jAJrRadPRGTt6SQ==}

  merge-stream@2.0.0:
    resolution: {integrity: sha512-abv/qOcuPfk3URPfDzmZU1LKmuw8kT+0nIHvKrKgFrwifol/doWcdA4ZqsWQ8ENrFKkd67Mfpo/LovbIUsbt3w==}

  mimic-fn@4.0.0:
    resolution: {integrity: sha512-vqiC06CuhBTUdZH+RYl8sFrL096vA45Ok5ISO6sE/Mr1jRbGH4Csnhi8f3wKVl7x8mO4Au7Ir9D3Oyv1VYMFJw==}
    engines: {node: '>=12'}

  mlly@1.7.1:
    resolution: {integrity: sha512-rrVRZRELyQzrIUAVMHxP97kv+G786pHmOKzuFII8zDYahFBS7qnHh2AlYSl1GAHhaMPCz6/oHjVMcfFYgFYHgA==}

  mute-stream@1.0.0:
    resolution: {integrity: sha512-avsJQhyd+680gKXyG/sQc0nXaC6rBkPOfyHYcFb9+hdkqQkR9bdnkJ0AMZhke0oesPqIO+mFFJ+IdBc7mst4IA==}
    engines: {node: ^14.17.0 || ^16.13.0 || >=18.0.0}

  npm-run-path@5.3.0:
    resolution: {integrity: sha512-ppwTtiJZq0O/ai0z7yfudtBpWIoxM8yE6nHi1X47eFR2EWORqfbu6CnPlNsjeN683eT0qG6H/Pyf9fCcvjnnnQ==}
    engines: {node: ^12.20.0 || ^14.13.1 || >=16.0.0}

  nypm@0.3.9:
    resolution: {integrity: sha512-BI2SdqqTHg2d4wJh8P9A1W+bslg33vOE9IZDY6eR2QC+Pu1iNBVZUqczrd43rJb+fMzHU7ltAYKsEFY/kHMFcw==}
    engines: {node: ^14.16.0 || >=16.10.0}
    hasBin: true

  octokit@4.0.2:
    resolution: {integrity: sha512-wbqF4uc1YbcldtiBFfkSnquHtECEIpYD78YUXI6ri1Im5OO2NLo6ZVpRdbJpdnpZ05zMrVPssNiEo6JQtea+Qg==}
    engines: {node: '>= 18'}

  onetime@6.0.0:
    resolution: {integrity: sha512-1FlR+gjXK7X+AsAHso35MnyN5KqGwJRi/31ft6x0M194ht7S+rWAvd7PHss9xSKMzE0asv1pyIHaJYq+BbacAQ==}
    engines: {node: '>=12'}

  os-tmpdir@1.0.2:
    resolution: {integrity: sha512-D2FR03Vir7FIu45XBY20mTb+/ZSWB00sjU9jdQXt83gDrI4Ztz5Fs7/yy74g2N5SVQY4xY1qDr4rNddwYRVX0g==}
    engines: {node: '>=0.10.0'}

  path-key@3.1.1:
    resolution: {integrity: sha512-ojmeN0qd+y0jszEtoY48r0Peq5dwMEkIlCOu6Q5f41lfkswXuKtYrhgoTpLnyIcHm24Uhqx+5Tqm2InSwLhE6Q==}
    engines: {node: '>=8'}

  path-key@4.0.0:
    resolution: {integrity: sha512-haREypq7xkM7ErfgIyA0z+Bj4AGKlMSdlQE2jvJo6huWD1EdkKYV+G/T4nq0YEF2vgTT8kqMFKo1uHn950r4SQ==}
    engines: {node: '>=12'}

  pathe@1.1.2:
    resolution: {integrity: sha512-whLdWMYL2TwI08hn8/ZqAbrVemu0LNaNNJZX73O6qaIdCTfXutsLhMkjdENX0qhsQ9uIimo4/aQOmXkoon2nDQ==}

  pkg-types@1.1.3:
    resolution: {integrity: sha512-+JrgthZG6m3ckicaOB74TwQ+tBWsFl3qVQg7mN8ulwSOElJ7gBhKzj2VkCPnZ4NlF6kEquYU+RIYNVAvzd54UA==}

  safer-buffer@2.1.2:
    resolution: {integrity: sha512-YZo3K82SD7Riyi0E1EQPojLz7kpepnSQI9IyPbHHg1XXXevb5dJI7tpyN2ADxGcQbHG7vcyRHk0cbwqcQriUtg==}

  shebang-command@2.0.0:
    resolution: {integrity: sha512-kHxr2zZpYtdmrN1qDjrrX/Z1rR1kG8Dx+gkpK1G4eXmvXswmcE1hTWBWYUzlraYw1/yZp6YuDY77YtvbN0dmDA==}
    engines: {node: '>=8'}

  shebang-regex@3.0.0:
    resolution: {integrity: sha512-7++dFhtcx3353uBaq8DDR4NuxBetBzC7ZQOhmTQInHEd6bSrXdiEyzCvG07Z44UYdLShWUyXt5M/yhz8ekcb1A==}
    engines: {node: '>=8'}

  signal-exit@4.1.0:
    resolution: {integrity: sha512-bzyZ1e88w9O1iNJbKnOlvYTrWPDl46O1bG0D3XInv+9tkPrxrN8jUUTiFlDkkmKWgn1M6CfIA13SuGqOa9Korw==}
    engines: {node: '>=14'}

  string-width@4.2.3:
    resolution: {integrity: sha512-wKyQRQpjJ0sIp62ErSZdGsjMJWsap5oRNihHhu6G7JVO/9jIB6UyevL+tXuOqrng8j/cxKTWyWUwvSTriiZz/g==}
    engines: {node: '>=8'}

  strip-ansi@6.0.1:
    resolution: {integrity: sha512-Y38VPSHcqkFrCpFnQ9vuSXmquuv5oXOKpGeT6aGrr3o3Gc9AlVa6JBfUSOCnbxGGZF+/0ooI7KrPuUSztUdU5A==}
    engines: {node: '>=8'}

  strip-final-newline@3.0.0:
    resolution: {integrity: sha512-dOESqjYr96iWYylGObzd39EuNTa5VJxyvVAEm5Jnh7KGo75V43Hk1odPQkNDyXNmUR6k+gEiDVXnjB8HJ3crXw==}
    engines: {node: '>=12'}

  tmp@0.0.33:
    resolution: {integrity: sha512-jRCJlojKnZ3addtTOjdIqoRuPEKBvNXcGYqzO6zWZX8KfKEpnGY5jfggJQ3EjKuu8D4bJRr0y+cYJFmYbImXGw==}
    engines: {node: '>=0.6.0'}

  type-fest@0.21.3:
    resolution: {integrity: sha512-t0rzBq87m3fVcduHDUFhKmyyX+9eo6WQjZvf51Ea/M0Q7+T374Jp1aUiyUl0GKxp8M/OETVHSDvmkyPgvX+X2w==}
    engines: {node: '>=10'}

  ufo@1.5.4:
    resolution: {integrity: sha512-UsUk3byDzKd04EyoZ7U4DOlxQaD14JUKQl6/P7wiX4FNvUfm3XL246n9W5AmqwW5RSFJ27NAuM0iLscAOYUiGQ==}

  undici-types@6.13.0:
    resolution: {integrity: sha512-xtFJHudx8S2DSoujjMd1WeWvn7KKWFRESZTMeL1RptAYERu29D6jphMjjY+vn96jvN3kVPDNxU/E13VTaXj6jg==}

  universal-github-app-jwt@2.2.0:
    resolution: {integrity: sha512-G5o6f95b5BggDGuUfKDApKaCgNYy2x7OdHY0zSMF081O0EJobw+1130VONhrA7ezGSV2FNOGyM+KQpQZAr9bIQ==}

  universal-user-agent@7.0.2:
    resolution: {integrity: sha512-0JCqzSKnStlRRQfCdowvqy3cy0Dvtlb8xecj/H8JFZuCze4rwjPZQOgvFvn0Ws/usCHQFGpyr+pB9adaGwXn4Q==}

  which@2.0.2:
    resolution: {integrity: sha512-BLI3Tl1TW3Pvl70l3yq3Y64i+awpwXqsGBYWkkqMtnbXgrMD+yj7rhW0kuEDxzJaYXGjEW5ogapKNMEKNMjibA==}
    engines: {node: '>= 8'}
    hasBin: true

  wrap-ansi@6.2.0:
    resolution: {integrity: sha512-r6lPcBGxZXlIcymEu7InxDMhdW0KDxpLgoFLcguasxCaJ/SOIZwINatK9KY/tf+ZrlywOKU0UDj3ATXUBfxJXA==}
    engines: {node: '>=8'}

  yoctocolors-cjs@2.1.2:
    resolution: {integrity: sha512-cYVsTjKl8b+FrnidjibDWskAv7UKOfcwaVZdp/it9n1s9fU3IkgDbhdIRKCW4JDsAlECJY0ytoVPT3sK6kideA==}
    engines: {node: '>=18'}

snapshots:

  '@biomejs/biome@1.8.3':
    optionalDependencies:
      '@biomejs/cli-darwin-arm64': 1.8.3
      '@biomejs/cli-darwin-x64': 1.8.3
      '@biomejs/cli-linux-arm64': 1.8.3
      '@biomejs/cli-linux-arm64-musl': 1.8.3
      '@biomejs/cli-linux-x64': 1.8.3
      '@biomejs/cli-linux-x64-musl': 1.8.3
      '@biomejs/cli-win32-arm64': 1.8.3
      '@biomejs/cli-win32-x64': 1.8.3

  '@biomejs/cli-darwin-arm64@1.8.3':
    optional: true

  '@biomejs/cli-darwin-x64@1.8.3':
    optional: true

  '@biomejs/cli-linux-arm64-musl@1.8.3':
    optional: true

  '@biomejs/cli-linux-arm64@1.8.3':
    optional: true

  '@biomejs/cli-linux-x64-musl@1.8.3':
    optional: true

  '@biomejs/cli-linux-x64@1.8.3':
    optional: true

  '@biomejs/cli-win32-arm64@1.8.3':
    optional: true

  '@biomejs/cli-win32-x64@1.8.3':
    optional: true

  '@inquirer/checkbox@2.4.7':
    dependencies:
      '@inquirer/core': 9.0.10
      '@inquirer/figures': 1.0.5
      '@inquirer/type': 1.5.2
      ansi-escapes: 4.3.2
      yoctocolors-cjs: 2.1.2

  '@inquirer/confirm@3.1.22':
    dependencies:
      '@inquirer/core': 9.0.10
      '@inquirer/type': 1.5.2

  '@inquirer/core@9.0.10':
    dependencies:
      '@inquirer/figures': 1.0.5
      '@inquirer/type': 1.5.2
      '@types/mute-stream': 0.0.4
      '@types/node': 22.1.0
      '@types/wrap-ansi': 3.0.0
      ansi-escapes: 4.3.2
      cli-spinners: 2.9.2
      cli-width: 4.1.0
      mute-stream: 1.0.0
      signal-exit: 4.1.0
      strip-ansi: 6.0.1
      wrap-ansi: 6.2.0
      yoctocolors-cjs: 2.1.2

  '@inquirer/editor@2.1.22':
    dependencies:
      '@inquirer/core': 9.0.10
      '@inquirer/type': 1.5.2
      external-editor: 3.1.0

  '@inquirer/expand@2.1.22':
    dependencies:
      '@inquirer/core': 9.0.10
      '@inquirer/type': 1.5.2
      yoctocolors-cjs: 2.1.2

  '@inquirer/figures@1.0.5': {}

  '@inquirer/input@2.2.9':
    dependencies:
      '@inquirer/core': 9.0.10
      '@inquirer/type': 1.5.2

  '@inquirer/number@1.0.10':
    dependencies:
      '@inquirer/core': 9.0.10
      '@inquirer/type': 1.5.2

  '@inquirer/password@2.1.22':
    dependencies:
      '@inquirer/core': 9.0.10
      '@inquirer/type': 1.5.2
      ansi-escapes: 4.3.2

  '@inquirer/prompts@5.3.8':
    dependencies:
      '@inquirer/checkbox': 2.4.7
      '@inquirer/confirm': 3.1.22
      '@inquirer/editor': 2.1.22
      '@inquirer/expand': 2.1.22
      '@inquirer/input': 2.2.9
      '@inquirer/number': 1.0.10
      '@inquirer/password': 2.1.22
      '@inquirer/rawlist': 2.2.4
      '@inquirer/search': 1.0.7
      '@inquirer/select': 2.4.7

  '@inquirer/rawlist@2.2.4':
    dependencies:
      '@inquirer/core': 9.0.10
      '@inquirer/type': 1.5.2
      yoctocolors-cjs: 2.1.2

  '@inquirer/search@1.0.7':
    dependencies:
      '@inquirer/core': 9.0.10
      '@inquirer/figures': 1.0.5
      '@inquirer/type': 1.5.2
      yoctocolors-cjs: 2.1.2

  '@inquirer/select@2.4.7':
    dependencies:
      '@inquirer/core': 9.0.10
      '@inquirer/figures': 1.0.5
      '@inquirer/type': 1.5.2
      ansi-escapes: 4.3.2
      yoctocolors-cjs: 2.1.2

  '@inquirer/type@1.5.2':
    dependencies:
      mute-stream: 1.0.0

  '@octokit/app@15.1.0':
    dependencies:
      '@octokit/auth-app': 7.1.0
      '@octokit/auth-unauthenticated': 6.1.0
      '@octokit/core': 6.1.2
      '@octokit/oauth-app': 7.1.3
      '@octokit/plugin-paginate-rest': 11.3.3(@octokit/core@6.1.2)
      '@octokit/types': 13.5.0
      '@octokit/webhooks': 13.3.0

  '@octokit/auth-app@7.1.0':
    dependencies:
      '@octokit/auth-oauth-app': 8.1.1
      '@octokit/auth-oauth-user': 5.1.1
      '@octokit/request': 9.1.3
      '@octokit/request-error': 6.1.4
      '@octokit/types': 13.5.0
      lru-cache: 10.4.3
      universal-github-app-jwt: 2.2.0
      universal-user-agent: 7.0.2

  '@octokit/auth-oauth-app@8.1.1':
    dependencies:
      '@octokit/auth-oauth-device': 7.1.1
      '@octokit/auth-oauth-user': 5.1.1
      '@octokit/request': 9.1.3
      '@octokit/types': 13.5.0
      universal-user-agent: 7.0.2

  '@octokit/auth-oauth-device@7.1.1':
    dependencies:
      '@octokit/oauth-methods': 5.1.2
      '@octokit/request': 9.1.3
      '@octokit/types': 13.5.0
      universal-user-agent: 7.0.2

  '@octokit/auth-oauth-user@5.1.1':
    dependencies:
      '@octokit/auth-oauth-device': 7.1.1
      '@octokit/oauth-methods': 5.1.2
      '@octokit/request': 9.1.3
      '@octokit/types': 13.5.0
      universal-user-agent: 7.0.2

  '@octokit/auth-token@5.1.1': {}

  '@octokit/auth-unauthenticated@6.1.0':
    dependencies:
      '@octokit/request-error': 6.1.4
      '@octokit/types': 13.5.0

  '@octokit/core@6.1.2':
    dependencies:
      '@octokit/auth-token': 5.1.1
      '@octokit/graphql': 8.1.1
      '@octokit/request': 9.1.3
      '@octokit/request-error': 6.1.4
      '@octokit/types': 13.5.0
      before-after-hook: 3.0.2
      universal-user-agent: 7.0.2

  '@octokit/endpoint@10.1.1':
    dependencies:
      '@octokit/types': 13.5.0
      universal-user-agent: 7.0.2

  '@octokit/graphql@8.1.1':
    dependencies:
      '@octokit/request': 9.1.3
      '@octokit/types': 13.5.0
      universal-user-agent: 7.0.2

  '@octokit/oauth-app@7.1.3':
    dependencies:
      '@octokit/auth-oauth-app': 8.1.1
      '@octokit/auth-oauth-user': 5.1.1
      '@octokit/auth-unauthenticated': 6.1.0
      '@octokit/core': 6.1.2
      '@octokit/oauth-authorization-url': 7.1.1
      '@octokit/oauth-methods': 5.1.2
      '@types/aws-lambda': 8.10.142
      universal-user-agent: 7.0.2

  '@octokit/oauth-authorization-url@7.1.1': {}

  '@octokit/oauth-methods@5.1.2':
    dependencies:
      '@octokit/oauth-authorization-url': 7.1.1
      '@octokit/request': 9.1.3
      '@octokit/request-error': 6.1.4
      '@octokit/types': 13.5.0

  '@octokit/openapi-types@22.2.0': {}

  '@octokit/openapi-webhooks-types@8.3.0': {}

  '@octokit/plugin-paginate-graphql@5.2.2(@octokit/core@6.1.2)':
    dependencies:
      '@octokit/core': 6.1.2

  '@octokit/plugin-paginate-rest@11.3.3(@octokit/core@6.1.2)':
    dependencies:
      '@octokit/core': 6.1.2
      '@octokit/types': 13.5.0

  '@octokit/plugin-rest-endpoint-methods@13.2.4(@octokit/core@6.1.2)':
    dependencies:
      '@octokit/core': 6.1.2
      '@octokit/types': 13.5.0

  '@octokit/plugin-retry@7.1.1(@octokit/core@6.1.2)':
    dependencies:
      '@octokit/core': 6.1.2
      '@octokit/request-error': 6.1.4
      '@octokit/types': 13.5.0
      bottleneck: 2.19.5

  '@octokit/plugin-throttling@9.3.1(@octokit/core@6.1.2)':
    dependencies:
      '@octokit/core': 6.1.2
      '@octokit/types': 13.5.0
      bottleneck: 2.19.5

  '@octokit/request-error@6.1.4':
    dependencies:
      '@octokit/types': 13.5.0

  '@octokit/request@9.1.3':
    dependencies:
      '@octokit/endpoint': 10.1.1
      '@octokit/request-error': 6.1.4
      '@octokit/types': 13.5.0
      universal-user-agent: 7.0.2

  '@octokit/types@13.5.0':
    dependencies:
      '@octokit/openapi-types': 22.2.0

  '@octokit/webhooks-methods@5.1.0': {}

  '@octokit/webhooks@13.3.0':
    dependencies:
      '@octokit/openapi-webhooks-types': 8.3.0
      '@octokit/request-error': 6.1.4
      '@octokit/webhooks-methods': 5.1.0

  '@types/aws-lambda@8.10.142': {}

  '@types/mute-stream@0.0.4':
    dependencies:
      '@types/node': 22.1.0

  '@types/node@22.1.0':
    dependencies:
      undici-types: 6.13.0

  '@types/wrap-ansi@3.0.0': {}

  acorn@8.12.1: {}

  ansi-escapes@4.3.2:
    dependencies:
      type-fest: 0.21.3

  ansi-regex@5.0.1: {}

  ansi-styles@4.3.0:
    dependencies:
      color-convert: 2.0.1

  before-after-hook@3.0.2: {}

  bottleneck@2.19.5: {}

  chardet@0.7.0: {}

  citty@0.1.6:
    dependencies:
      consola: 3.2.3

  cli-spinners@2.9.2: {}

  cli-width@4.1.0: {}

  color-convert@2.0.1:
    dependencies:
      color-name: 1.1.4

  color-name@1.1.4: {}

  confbox@0.1.7: {}

  consola@3.2.3: {}

  cross-spawn@7.0.3:
    dependencies:
      path-key: 3.1.1
      shebang-command: 2.0.0
      which: 2.0.2

  emoji-regex@8.0.0: {}

  execa@8.0.1:
    dependencies:
      cross-spawn: 7.0.3
      get-stream: 8.0.1
      human-signals: 5.0.0
      is-stream: 3.0.0
      merge-stream: 2.0.0
      npm-run-path: 5.3.0
      onetime: 6.0.0
      signal-exit: 4.1.0
      strip-final-newline: 3.0.0

  external-editor@3.1.0:
    dependencies:
      chardet: 0.7.0
      iconv-lite: 0.4.24
      tmp: 0.0.33

  get-stream@8.0.1: {}

  human-signals@5.0.0: {}

  iconv-lite@0.4.24:
    dependencies:
      safer-buffer: 2.1.2

  is-fullwidth-code-point@3.0.0: {}

  is-stream@3.0.0: {}

  isexe@2.0.0: {}

  lru-cache@10.4.3: {}

  merge-stream@2.0.0: {}

  mimic-fn@4.0.0: {}

  mlly@1.7.1:
    dependencies:
      acorn: 8.12.1
      pathe: 1.1.2
      pkg-types: 1.1.3
      ufo: 1.5.4

  mute-stream@1.0.0: {}

  npm-run-path@5.3.0:
    dependencies:
      path-key: 4.0.0

  nypm@0.3.9:
    dependencies:
      citty: 0.1.6
      consola: 3.2.3
      execa: 8.0.1
      pathe: 1.1.2
      pkg-types: 1.1.3
      ufo: 1.5.4

  octokit@4.0.2:
    dependencies:
      '@octokit/app': 15.1.0
      '@octokit/core': 6.1.2
      '@octokit/oauth-app': 7.1.3
      '@octokit/plugin-paginate-graphql': 5.2.2(@octokit/core@6.1.2)
      '@octokit/plugin-paginate-rest': 11.3.3(@octokit/core@6.1.2)
      '@octokit/plugin-rest-endpoint-methods': 13.2.4(@octokit/core@6.1.2)
      '@octokit/plugin-retry': 7.1.1(@octokit/core@6.1.2)
      '@octokit/plugin-throttling': 9.3.1(@octokit/core@6.1.2)
      '@octokit/request-error': 6.1.4
      '@octokit/types': 13.5.0

  onetime@6.0.0:
    dependencies:
      mimic-fn: 4.0.0

  os-tmpdir@1.0.2: {}

  path-key@3.1.1: {}

  path-key@4.0.0: {}

  pathe@1.1.2: {}

  pkg-types@1.1.3:
    dependencies:
      confbox: 0.1.7
      mlly: 1.7.1
      pathe: 1.1.2

  safer-buffer@2.1.2: {}

  shebang-command@2.0.0:
    dependencies:
      shebang-regex: 3.0.0

  shebang-regex@3.0.0: {}

  signal-exit@4.1.0: {}

  string-width@4.2.3:
    dependencies:
      emoji-regex: 8.0.0
      is-fullwidth-code-point: 3.0.0
      strip-ansi: 6.0.1

  strip-ansi@6.0.1:
    dependencies:
      ansi-regex: 5.0.1

  strip-final-newline@3.0.0: {}

  tmp@0.0.33:
    dependencies:
      os-tmpdir: 1.0.2

  type-fest@0.21.3: {}

  ufo@1.5.4: {}

  undici-types@6.13.0: {}

  universal-github-app-jwt@2.2.0: {}

  universal-user-agent@7.0.2: {}

  which@2.0.2:
    dependencies:
      isexe: 2.0.0

  wrap-ansi@6.2.0:
    dependencies:
      ansi-styles: 4.3.0
      string-width: 4.2.3
      strip-ansi: 6.0.1

  yoctocolors-cjs@2.1.2: {}
